%{
  "decimal": {:hex, :decimal, "2.4.1", "6c0fbede12fb122ba685e9ab41c6a40c129e322b3aa192f9e072e61f3a6ffaf2", [:mix], [], "hexpm", "7e618897933a8455f19a727d7c5e50a2c071a544b700e5e724298ecb4340187f"},
  "saxy": {:hex, :saxy, "1.6.1", "742eff28f553c066d0b54e84662dbf384a1d1f38595472ed15f6e0a33038bbe1", [:mix], [], "hexpm", "8989d504424ba29460a61950f8968380651413fa05e63b6118084db057da1a6b"},
}
